
Microsoft Visual Studio Solution File, Format Version 12.00
# Visual Studio Version 17
VisualStudioVersion = 17.3.32901.215
MinimumVisualStudioVersion = 10.0.40219.1
Project("{FAE04EC0-301F-11D3-BF4B-00C04F79EFBC}") = "Student_System", "Student_System\Student_System.csproj", "{27650BEF-5446-4F74-A9A5-90887C8D8BD1}"
EndProject
Global
	GlobalSection(SolutionConfigurationPlatforms) = preSolution
		Debug|Any CPU = Debug|Any CPU
		Release|Any CPU = Release|Any CPU
	EndGlobalSection
	GlobalSection(ProjectConfigurationPlatforms) = postSolution
		{27650BEF-5446-4F74-A9A5-90887C8D8BD1}.Debug|Any CPU.ActiveCfg = Debug|Any CPU
		{27650BEF-5446-4F74-A9A5-90887C8D8BD1}.Debug|Any CPU.Build.0 = Debug|Any CPU
		{27650BEF-5446-4F74-A9A5-90887C8D8BD1}.Release|Any CPU.ActiveCfg = Release|Any CPU
		{27650BEF-5446-4F74-A9A5-90887C8D8BD1}.Release|Any CPU.Build.0 = Release|Any CPU
	EndGlobalSection
	GlobalSection(SolutionProperties) = preSolution
		HideSolutionNode = FALSE
	EndGlobalSection
	GlobalSection(ExtensibilityGlobals) = postSolution
		SolutionGuid = {C4C906D0-8164-4314-B859-3F2C7498EC82}
	EndGlobalSection
EndGlobal
